
Microsoft Visual Studio Solution File, Format Version 12.00
# Visual Studio Version 16
VisualStudioVersion = 16.0.30204.135
MinimumVisualStudioVersion = 10.0.40219.1
Project("{FAE04EC0-301F-11D3-BF4B-00C04F79EFBC}") = "StudentClass", "StudentClass\StudentClass.csproj", "{69C94CF2-F2DD-460C-91D1-F2DF5EEB9028}"
EndProject
Global
	GlobalSection(SolutionConfigurationPlatforms) = preSolution
		Debug|Any CPU = Debug|Any CPU
		Release|Any CPU = Release|Any CPU
	EndGlobalSection
	GlobalSection(ProjectConfigurationPlatforms) = postSolution
		{69C94CF2-F2DD-460C-91D1-F2DF5EEB9028}.Debug|Any CPU.ActiveCfg = Debug|Any CPU
		{69C94CF2-F2DD-460C-91D1-F2DF5EEB9028}.Debug|Any CPU.Build.0 = Debug|Any CPU
		{69C94CF2-F2DD-460C-91D1-F2DF5EEB9028}.Release|Any CPU.ActiveCfg = Release|Any CPU
		{69C94CF2-F2DD-460C-91D1-F2DF5EEB9028}.Release|Any CPU.Build.0 = Release|Any CPU
	EndGlobalSection
	GlobalSection(SolutionProperties) = preSolution
		HideSolutionNode = FALSE
	EndGlobalSection
	GlobalSection(ExtensibilityGlobals) = postSolution
		SolutionGuid = {ABD80E12-2363-47EC-AA67-66964583D8BE}
	EndGlobalSection
EndGlobal
